Microsoft Visual Studio Solution File, Format Version 12.00
# Visual Studio Version 17
VisualStudioVersion = 17.5.2.0
MinimumVisualStudioVersion = 10.0.40219.1
Project("{FAE04EC0-301F-11D3-BF4B-00C04F79EFBC}") = "RectangleMover", "RectangleMover.csproj", "{4FA91ABA-7763-E576-5FF7-B09A8A4CC90E}"
EndProject
Global
	GlobalSection(SolutionConfigurationPlatforms) = preSolution
		Debug|Any CPU = Debug|Any CPU
		Release|Any CPU = Release|Any CPU
	EndGlobalSection
	GlobalSection(ProjectConfigurationPlatforms) = postSolution
		{4FA91ABA-7763-E576-5FF7-B09A8A4CC90E}.Debug|Any CPU.ActiveCfg = Debug|Any CPU
		{4FA91ABA-7763-E576-5FF7-B09A8A4CC90E}.Debug|Any CPU.Build.0 = Debug|Any CPU
		{4FA91ABA-7763-E576-5FF7-B09A8A4CC90E}.Release|Any CPU.ActiveCfg = Release|Any CPU
		{4FA91ABA-7763-E576-5FF7-B09A8A4CC90E}.Release|Any CPU.Build.0 = Release|Any CPU
	EndGlobalSection
	GlobalSection(SolutionProperties) = preSolution
		HideSolutionNode = FALSE
	EndGlobalSection
	GlobalSection(ExtensibilityGlobals) = postSolution
		SolutionGuid = {DF0D1732-13DF-4756-9036-985AC5CFA639}
	EndGlobalSection
EndGlobal
